
Microsoft Visual Studio Solution File, Format Version 12.00
# Visual Studio Version 17
VisualStudioVersion = 17.4.33110.190
MinimumVisualStudioVersion = 10.0.40219.1
Project("{F2A71F9B-5D33-465A-A702-920D77279786}") = "Project", "Project.fsproj", "{01F52768-F7FF-443A-B963-98A5B410A0B8}"
EndProject
Global
	GlobalSection(SolutionConfigurationPlatforms) = preSolution
		Debug|Any CPU = Debug|Any CPU
		Release|Any CPU = Release|Any CPU
	EndGlobalSection
	GlobalSection(ProjectConfigurationPlatforms) = postSolution
		{01F52768-F7FF-443A-B963-98A5B410A0B8}.Debug|Any CPU.ActiveCfg = Debug|Any CPU
		{01F52768-F7FF-443A-B963-98A5B410A0B8}.Debug|Any CPU.Build.0 = Debug|Any CPU
		{01F52768-F7FF-443A-B963-98A5B410A0B8}.Release|Any CPU.ActiveCfg = Release|Any CPU
		{01F52768-F7FF-443A-B963-98A5B410A0B8}.Release|Any CPU.Build.0 = Release|Any CPU
	EndGlobalSection
	GlobalSection(SolutionProperties) = preSolution
		HideSolutionNode = FALSE
	EndGlobalSection
	GlobalSection(ExtensibilityGlobals) = postSolution
		SolutionGuid = {9B592072-71EF-47AD-91BA-8CAB6DC9D9AE}
	EndGlobalSection
EndGlobal
