
Microsoft Visual Studio Solution File, Format Version 12.00
# Visual Studio Version 17
VisualStudioVersion = 17.4.33110.190
MinimumVisualStudioVersion = 10.0.40219.1
Project("{F2A71F9B-5D33-465A-A702-920D77279786}") = "Project", "Project.fsproj", "{6B227774-FE34-4734-9C34-7B7E6553EE22}"
EndProject
Global
	GlobalSection(SolutionConfigurationPlatforms) = preSolution
		Debug|Any CPU = Debug|Any CPU
		Release|Any CPU = Release|Any CPU
	EndGlobalSection
	GlobalSection(ProjectConfigurationPlatforms) = postSolution
		{6B227774-FE34-4734-9C34-7B7E6553EE22}.Debug|Any CPU.ActiveCfg = Debug|Any CPU
		{6B227774-FE34-4734-9C34-7B7E6553EE22}.Debug|Any CPU.Build.0 = Debug|Any CPU
		{6B227774-FE34-4734-9C34-7B7E6553EE22}.Release|Any CPU.ActiveCfg = Release|Any CPU
		{6B227774-FE34-4734-9C34-7B7E6553EE22}.Release|Any CPU.Build.0 = Release|Any CPU
	EndGlobalSection
	GlobalSection(SolutionProperties) = preSolution
		HideSolutionNode = FALSE
	EndGlobalSection
	GlobalSection(ExtensibilityGlobals) = postSolution
		SolutionGuid = {988F87A2-0B3B-4834-8201-727D9BB4E3E5}
	EndGlobalSection
EndGlobal
