
Microsoft Visual Studio Solution File, Format Version 12.00
# Visual Studio 15
VisualStudioVersion = 15.0.26124.0
MinimumVisualStudioVersion = 15.0.26124.0
Project("{F2A71F9B-5D33-465A-A702-920D77279786}") = "Day2", "Day2\Day2.fsproj", "{AAC87520-8078-4811-AAE4-0805BD38CF47}"
EndProject
Project("{F2A71F9B-5D33-465A-A702-920D77279786}") = "Day3", "Day3\Day3.fsproj", "{C3D005A7-D761-4575-86B0-A22619A792C4}"
EndProject
Project("{F2A71F9B-5D33-465A-A702-920D77279786}") = "Day4", "Day4\Day4.fsproj", "{C87A25E4-183C-419E-963E-3B94C2008CEA}"
EndProject
Project("{F2A71F9B-5D33-465A-A702-920D77279786}") = "Day5", "Day5\Day5.fsproj", "{5F2CB75C-DBF7-48E5-AD02-F59D9E4073C5}"
EndProject
Project("{F2A71F9B-5D33-465A-A702-920D77279786}") = "Day6", "Day6\Day6.fsproj", "{B6CDE13E-A547-4342-BB16-C0986A29C9F9}"
EndProject
Project("{F2A71F9B-5D33-465A-A702-920D77279786}") = "Day7", "Day7\Day7.fsproj", "{7BD8FC7B-C655-466A-8D8F-5C5C32063A5E}"
EndProject
Project("{F2A71F9B-5D33-465A-A702-920D77279786}") = "Day8", "Day8\Day8.fsproj", "{E7A72238-0575-43C9-9109-091A6F0F665D}"
EndProject
Project("{F2A71F9B-5D33-465A-A702-920D77279786}") = "Day9", "Day9\Day9.fsproj", "{4D114ADB-7623-44E3-9089-D6BD53DF78B2}"
EndProject
Project("{F2A71F9B-5D33-465A-A702-920D77279786}") = "Day10", "Day10\Day10.fsproj", "{FE60AC6C-9A45-4238-AC08-7F49CFAD9CFD}"
EndProject
Project("{F2A71F9B-5D33-465A-A702-920D77279786}") = "Day11", "Day11\Day11.fsproj", "{4DBEBB4E-8F76-485E-A9D4-969FEE25583B}"
EndProject
Global
	GlobalSection(SolutionConfigurationPlatforms) = preSolution
		Debug|Any CPU = Debug|Any CPU
		Debug|x64 = Debug|x64
		Debug|x86 = Debug|x86
		Release|Any CPU = Release|Any CPU
		Release|x64 = Release|x64
		Release|x86 = Release|x86
	EndGlobalSection
	GlobalSection(SolutionProperties) = preSolution
		HideSolutionNode = FALSE
	EndGlobalSection
	GlobalSection(ProjectConfigurationPlatforms) = postSolution
		{AAC87520-8078-4811-AAE4-0805BD38CF47}.Debug|Any CPU.ActiveCfg = Debug|Any CPU
		{AAC87520-8078-4811-AAE4-0805BD38CF47}.Debug|Any CPU.Build.0 = Debug|Any CPU
		{AAC87520-8078-4811-AAE4-0805BD38CF47}.Debug|x64.ActiveCfg = Debug|Any CPU
		{AAC87520-8078-4811-AAE4-0805BD38CF47}.Debug|x64.Build.0 = Debug|Any CPU
		{AAC87520-8078-4811-AAE4-0805BD38CF47}.Debug|x86.ActiveCfg = Debug|Any CPU
		{AAC87520-8078-4811-AAE4-0805BD38CF47}.Debug|x86.Build.0 = Debug|Any CPU
		{AAC87520-8078-4811-AAE4-0805BD38CF47}.Release|Any CPU.ActiveCfg = Release|Any CPU
		{AAC87520-8078-4811-AAE4-0805BD38CF47}.Release|Any CPU.Build.0 = Release|Any CPU
		{AAC87520-8078-4811-AAE4-0805BD38CF47}.Release|x64.ActiveCfg = Release|Any CPU
		{AAC87520-8078-4811-AAE4-0805BD38CF47}.Release|x64.Build.0 = Release|Any CPU
		{AAC87520-8078-4811-AAE4-0805BD38CF47}.Release|x86.ActiveCfg = Release|Any CPU
		{AAC87520-8078-4811-AAE4-0805BD38CF47}.Release|x86.Build.0 = Release|Any CPU
		{C3D005A7-D761-4575-86B0-A22619A792C4}.Debug|Any CPU.ActiveCfg = Debug|Any CPU
		{C3D005A7-D761-4575-86B0-A22619A792C4}.Debug|Any CPU.Build.0 = Debug|Any CPU
		{C3D005A7-D761-4575-86B0-A22619A792C4}.Debug|x64.ActiveCfg = Debug|Any CPU
		{C3D005A7-D761-4575-86B0-A22619A792C4}.Debug|x64.Build.0 = Debug|Any CPU
		{C3D005A7-D761-4575-86B0-A22619A792C4}.Debug|x86.ActiveCfg = Debug|Any CPU
		{C3D005A7-D761-4575-86B0-A22619A792C4}.Debug|x86.Build.0 = Debug|Any CPU
		{C3D005A7-D761-4575-86B0-A22619A792C4}.Release|Any CPU.ActiveCfg = Release|Any CPU
		{C3D005A7-D761-4575-86B0-A22619A792C4}.Release|Any CPU.Build.0 = Release|Any CPU
		{C3D005A7-D761-4575-86B0-A22619A792C4}.Release|x64.ActiveCfg = Release|Any CPU
		{C3D005A7-D761-4575-86B0-A22619A792C4}.Release|x64.Build.0 = Release|Any CPU
		{C3D005A7-D761-4575-86B0-A22619A792C4}.Release|x86.ActiveCfg = Release|Any CPU
		{C3D005A7-D761-4575-86B0-A22619A792C4}.Release|x86.Build.0 = Release|Any CPU
		{C87A25E4-183C-419E-963E-3B94C2008CEA}.Debug|Any CPU.ActiveCfg = Debug|Any CPU
		{C87A25E4-183C-419E-963E-3B94C2008CEA}.Debug|Any CPU.Build.0 = Debug|Any CPU
		{C87A25E4-183C-419E-963E-3B94C2008CEA}.Debug|x64.ActiveCfg = Debug|Any CPU
		{C87A25E4-183C-419E-963E-3B94C2008CEA}.Debug|x64.Build.0 = Debug|Any CPU
		{C87A25E4-183C-419E-963E-3B94C2008CEA}.Debug|x86.ActiveCfg = Debug|Any CPU
		{C87A25E4-183C-419E-963E-3B94C2008CEA}.Debug|x86.Build.0 = Debug|Any CPU
		{C87A25E4-183C-419E-963E-3B94C2008CEA}.Release|Any CPU.ActiveCfg = Release|Any CPU
		{C87A25E4-183C-419E-963E-3B94C2008CEA}.Release|Any CPU.Build.0 = Release|Any CPU
		{C87A25E4-183C-419E-963E-3B94C2008CEA}.Release|x64.ActiveCfg = Release|Any CPU
		{C87A25E4-183C-419E-963E-3B94C2008CEA}.Release|x64.Build.0 = Release|Any CPU
		{C87A25E4-183C-419E-963E-3B94C2008CEA}.Release|x86.ActiveCfg = Release|Any CPU
		{C87A25E4-183C-419E-963E-3B94C2008CEA}.Release|x86.Build.0 = Release|Any CPU
		{5F2CB75C-DBF7-48E5-AD02-F59D9E4073C5}.Debug|Any CPU.ActiveCfg = Debug|Any CPU
		{5F2CB75C-DBF7-48E5-AD02-F59D9E4073C5}.Debug|Any CPU.Build.0 = Debug|Any CPU
		{5F2CB75C-DBF7-48E5-AD02-F59D9E4073C5}.Debug|x64.ActiveCfg = Debug|Any CPU
		{5F2CB75C-DBF7-48E5-AD02-F59D9E4073C5}.Debug|x64.Build.0 = Debug|Any CPU
		{5F2CB75C-DBF7-48E5-AD02-F59D9E4073C5}.Debug|x86.ActiveCfg = Debug|Any CPU
		{5F2CB75C-DBF7-48E5-AD02-F59D9E4073C5}.Debug|x86.Build.0 = Debug|Any CPU
		{5F2CB75C-DBF7-48E5-AD02-F59D9E4073C5}.Release|Any CPU.ActiveCfg = Release|Any CPU
		{5F2CB75C-DBF7-48E5-AD02-F59D9E4073C5}.Release|Any CPU.Build.0 = Release|Any CPU
		{5F2CB75C-DBF7-48E5-AD02-F59D9E4073C5}.Release|x64.ActiveCfg = Release|Any CPU
		{5F2CB75C-DBF7-48E5-AD02-F59D9E4073C5}.Release|x64.Build.0 = Release|Any CPU
		{5F2CB75C-DBF7-48E5-AD02-F59D9E4073C5}.Release|x86.ActiveCfg = Release|Any CPU
		{5F2CB75C-DBF7-48E5-AD02-F59D9E4073C5}.Release|x86.Build.0 = Release|Any CPU
		{B6CDE13E-A547-4342-BB16-C0986A29C9F9}.Debug|Any CPU.ActiveCfg = Debug|Any CPU
		{B6CDE13E-A547-4342-BB16-C0986A29C9F9}.Debug|Any CPU.Build.0 = Debug|Any CPU
		{B6CDE13E-A547-4342-BB16-C0986A29C9F9}.Debug|x64.ActiveCfg = Debug|Any CPU
		{B6CDE13E-A547-4342-BB16-C0986A29C9F9}.Debug|x64.Build.0 = Debug|Any CPU
		{B6CDE13E-A547-4342-BB16-C0986A29C9F9}.Debug|x86.ActiveCfg = Debug|Any CPU
		{B6CDE13E-A547-4342-BB16-C0986A29C9F9}.Debug|x86.Build.0 = Debug|Any CPU
		{B6CDE13E-A547-4342-BB16-C0986A29C9F9}.Release|Any CPU.ActiveCfg = Release|Any CPU
		{B6CDE13E-A547-4342-BB16-C0986A29C9F9}.Release|Any CPU.Build.0 = Release|Any CPU
		{B6CDE13E-A547-4342-BB16-C0986A29C9F9}.Release|x64.ActiveCfg = Release|Any CPU
		{B6CDE13E-A547-4342-BB16-C0986A29C9F9}.Release|x64.Build.0 = Release|Any CPU
		{B6CDE13E-A547-4342-BB16-C0986A29C9F9}.Release|x86.ActiveCfg = Release|Any CPU
		{B6CDE13E-A547-4342-BB16-C0986A29C9F9}.Release|x86.Build.0 = Release|Any CPU
		{7BD8FC7B-C655-466A-8D8F-5C5C32063A5E}.Debug|Any CPU.ActiveCfg = Debug|Any CPU
		{7BD8FC7B-C655-466A-8D8F-5C5C32063A5E}.Debug|Any CPU.Build.0 = Debug|Any CPU
		{7BD8FC7B-C655-466A-8D8F-5C5C32063A5E}.Debug|x64.ActiveCfg = Debug|Any CPU
		{7BD8FC7B-C655-466A-8D8F-5C5C32063A5E}.Debug|x64.Build.0 = Debug|Any CPU
		{7BD8FC7B-C655-466A-8D8F-5C5C32063A5E}.Debug|x86.ActiveCfg = Debug|Any CPU
		{7BD8FC7B-C655-466A-8D8F-5C5C32063A5E}.Debug|x86.Build.0 = Debug|Any CPU
		{7BD8FC7B-C655-466A-8D8F-5C5C32063A5E}.Release|Any CPU.ActiveCfg = Release|Any CPU
		{7BD8FC7B-C655-466A-8D8F-5C5C32063A5E}.Release|Any CPU.Build.0 = Release|Any CPU
		{7BD8FC7B-C655-466A-8D8F-5C5C32063A5E}.Release|x64.ActiveCfg = Release|Any CPU
		{7BD8FC7B-C655-466A-8D8F-5C5C32063A5E}.Release|x64.Build.0 = Release|Any CPU
		{7BD8FC7B-C655-466A-8D8F-5C5C32063A5E}.Release|x86.ActiveCfg = Release|Any CPU
		{7BD8FC7B-C655-466A-8D8F-5C5C32063A5E}.Release|x86.Build.0 = Release|Any CPU
		{E7A72238-0575-43C9-9109-091A6F0F665D}.Debug|Any CPU.ActiveCfg = Debug|Any CPU
		{E7A72238-0575-43C9-9109-091A6F0F665D}.Debug|Any CPU.Build.0 = Debug|Any CPU
		{E7A72238-0575-43C9-9109-091A6F0F665D}.Debug|x64.ActiveCfg = Debug|Any CPU
		{E7A72238-0575-43C9-9109-091A6F0F665D}.Debug|x64.Build.0 = Debug|Any CPU
		{E7A72238-0575-43C9-9109-091A6F0F665D}.Debug|x86.ActiveCfg = Debug|Any CPU
		{E7A72238-0575-43C9-9109-091A6F0F665D}.Debug|x86.Build.0 = Debug|Any CPU
		{E7A72238-0575-43C9-9109-091A6F0F665D}.Release|Any CPU.ActiveCfg = Release|Any CPU
		{E7A72238-0575-43C9-9109-091A6F0F665D}.Release|Any CPU.Build.0 = Release|Any CPU
		{E7A72238-0575-43C9-9109-091A6F0F665D}.Release|x64.ActiveCfg = Release|Any CPU
		{E7A72238-0575-43C9-9109-091A6F0F665D}.Release|x64.Build.0 = Release|Any CPU
		{E7A72238-0575-43C9-9109-091A6F0F665D}.Release|x86.ActiveCfg = Release|Any CPU
		{E7A72238-0575-43C9-9109-091A6F0F665D}.Release|x86.Build.0 = Release|Any CPU
		{4D114ADB-7623-44E3-9089-D6BD53DF78B2}.Debug|Any CPU.ActiveCfg = Debug|Any CPU
		{4D114ADB-7623-44E3-9089-D6BD53DF78B2}.Debug|Any CPU.Build.0 = Debug|Any CPU
		{4D114ADB-7623-44E3-9089-D6BD53DF78B2}.Debug|x64.ActiveCfg = Debug|Any CPU
		{4D114ADB-7623-44E3-9089-D6BD53DF78B2}.Debug|x64.Build.0 = Debug|Any CPU
		{4D114ADB-7623-44E3-9089-D6BD53DF78B2}.Debug|x86.ActiveCfg = Debug|Any CPU
		{4D114ADB-7623-44E3-9089-D6BD53DF78B2}.Debug|x86.Build.0 = Debug|Any CPU
		{4D114ADB-7623-44E3-9089-D6BD53DF78B2}.Release|Any CPU.ActiveCfg = Release|Any CPU
		{4D114ADB-7623-44E3-9089-D6BD53DF78B2}.Release|Any CPU.Build.0 = Release|Any CPU
		{4D114ADB-7623-44E3-9089-D6BD53DF78B2}.Release|x64.ActiveCfg = Release|Any CPU
		{4D114ADB-7623-44E3-9089-D6BD53DF78B2}.Release|x64.Build.0 = Release|Any CPU
		{4D114ADB-7623-44E3-9089-D6BD53DF78B2}.Release|x86.ActiveCfg = Release|Any CPU
		{4D114ADB-7623-44E3-9089-D6BD53DF78B2}.Release|x86.Build.0 = Release|Any CPU
		{FE60AC6C-9A45-4238-AC08-7F49CFAD9CFD}.Debug|Any CPU.ActiveCfg = Debug|Any CPU
		{FE60AC6C-9A45-4238-AC08-7F49CFAD9CFD}.Debug|Any CPU.Build.0 = Debug|Any CPU
		{FE60AC6C-9A45-4238-AC08-7F49CFAD9CFD}.Debug|x64.ActiveCfg = Debug|Any CPU
		{FE60AC6C-9A45-4238-AC08-7F49CFAD9CFD}.Debug|x64.Build.0 = Debug|Any CPU
		{FE60AC6C-9A45-4238-AC08-7F49CFAD9CFD}.Debug|x86.ActiveCfg = Debug|Any CPU
		{FE60AC6C-9A45-4238-AC08-7F49CFAD9CFD}.Debug|x86.Build.0 = Debug|Any CPU
		{FE60AC6C-9A45-4238-AC08-7F49CFAD9CFD}.Release|Any CPU.ActiveCfg = Release|Any CPU
		{FE60AC6C-9A45-4238-AC08-7F49CFAD9CFD}.Release|Any CPU.Build.0 = Release|Any CPU
		{FE60AC6C-9A45-4238-AC08-7F49CFAD9CFD}.Release|x64.ActiveCfg = Release|Any CPU
		{FE60AC6C-9A45-4238-AC08-7F49CFAD9CFD}.Release|x64.Build.0 = Release|Any CPU
		{FE60AC6C-9A45-4238-AC08-7F49CFAD9CFD}.Release|x86.ActiveCfg = Release|Any CPU
		{FE60AC6C-9A45-4238-AC08-7F49CFAD9CFD}.Release|x86.Build.0 = Release|Any CPU
		{4DBEBB4E-8F76-485E-A9D4-969FEE25583B}.Debug|Any CPU.ActiveCfg = Debug|Any CPU
		{4DBEBB4E-8F76-485E-A9D4-969FEE25583B}.Debug|Any CPU.Build.0 = Debug|Any CPU
		{4DBEBB4E-8F76-485E-A9D4-969FEE25583B}.Debug|x64.ActiveCfg = Debug|Any CPU
		{4DBEBB4E-8F76-485E-A9D4-969FEE25583B}.Debug|x64.Build.0 = Debug|Any CPU
		{4DBEBB4E-8F76-485E-A9D4-969FEE25583B}.Debug|x86.ActiveCfg = Debug|Any CPU
		{4DBEBB4E-8F76-485E-A9D4-969FEE25583B}.Debug|x86.Build.0 = Debug|Any CPU
		{4DBEBB4E-8F76-485E-A9D4-969FEE25583B}.Release|Any CPU.ActiveCfg = Release|Any CPU
		{4DBEBB4E-8F76-485E-A9D4-969FEE25583B}.Release|Any CPU.Build.0 = Release|Any CPU
		{4DBEBB4E-8F76-485E-A9D4-969FEE25583B}.Release|x64.ActiveCfg = Release|Any CPU
		{4DBEBB4E-8F76-485E-A9D4-969FEE25583B}.Release|x64.Build.0 = Release|Any CPU
		{4DBEBB4E-8F76-485E-A9D4-969FEE25583B}.Release|x86.ActiveCfg = Release|Any CPU
		{4DBEBB4E-8F76-485E-A9D4-969FEE25583B}.Release|x86.Build.0 = Release|Any CPU
	EndGlobalSection
EndGlobal
