
Microsoft Visual Studio Solution File, Format Version 12.00
# Visual Studio Version 16
VisualStudioVersion = 16.0.30804.86
MinimumVisualStudioVersion = 10.0.40219.1
Project("{6EC3EE1D-3C4E-46DD-8F32-0CC8E7565705}") = "Day15", "Day15.fsproj", "{2DEB474F-0393-4787-9D78-DF16EF1C5DC9}"
EndProject
Global
	GlobalSection(SolutionConfigurationPlatforms) = preSolution
		Debug|Any CPU = Debug|Any CPU
		Release|Any CPU = Release|Any CPU
	EndGlobalSection
	GlobalSection(ProjectConfigurationPlatforms) = postSolution
		{2DEB474F-0393-4787-9D78-DF16EF1C5DC9}.Debug|Any CPU.ActiveCfg = Debug|Any CPU
		{2DEB474F-0393-4787-9D78-DF16EF1C5DC9}.Debug|Any CPU.Build.0 = Debug|Any CPU
		{2DEB474F-0393-4787-9D78-DF16EF1C5DC9}.Release|Any CPU.ActiveCfg = Release|Any CPU
		{2DEB474F-0393-4787-9D78-DF16EF1C5DC9}.Release|Any CPU.Build.0 = Release|Any CPU
	EndGlobalSection
	GlobalSection(SolutionProperties) = preSolution
		HideSolutionNode = FALSE
	EndGlobalSection
	GlobalSection(ExtensibilityGlobals) = postSolution
		SolutionGuid = {34BEB1C8-175A-468A-9B9F-FCEB11C37C12}
	EndGlobalSection
EndGlobal
