
Microsoft Visual Studio Solution File, Format Version 12.00
# Visual Studio Version 16
VisualStudioVersion = 16.0.29230.61
MinimumVisualStudioVersion = 10.0.40219.1
Project("{F2A71F9B-5D33-465A-A702-920D77279786}") = "ConsoleApp1", "ConsoleApp1.fsproj", "{EA1DCADC-19AE-4BD0-BE00-B01E276F8D48}"
EndProject
Global
	GlobalSection(SolutionConfigurationPlatforms) = preSolution
		Debug|Any CPU = Debug|Any CPU
		Release|Any CPU = Release|Any CPU
	EndGlobalSection
	GlobalSection(ProjectConfigurationPlatforms) = postSolution
		{EA1DCADC-19AE-4BD0-BE00-B01E276F8D48}.Debug|Any CPU.ActiveCfg = Debug|Any CPU
		{EA1DCADC-19AE-4BD0-BE00-B01E276F8D48}.Debug|Any CPU.Build.0 = Debug|Any CPU
		{EA1DCADC-19AE-4BD0-BE00-B01E276F8D48}.Release|Any CPU.ActiveCfg = Release|Any CPU
		{EA1DCADC-19AE-4BD0-BE00-B01E276F8D48}.Release|Any CPU.Build.0 = Release|Any CPU
	EndGlobalSection
	GlobalSection(SolutionProperties) = preSolution
		HideSolutionNode = FALSE
	EndGlobalSection
	GlobalSection(ExtensibilityGlobals) = postSolution
		SolutionGuid = {AB3CAC6E-8955-40A3-9D64-D1BD13250F7B}
	EndGlobalSection
EndGlobal
