
Microsoft Visual Studio Solution File, Format Version 12.00
# Visual Studio Version 16
VisualStudioVersion = 16.0.31729.503
MinimumVisualStudioVersion = 10.0.40219.1
Project("{6EC3EE1D-3C4E-46DD-8F32-0CC8E7565705}") = "All", "All.fsproj", "{5397FFCC-68F5-4926-A044-D013CEBC42CC}"
EndProject
Global
	GlobalSection(SolutionConfigurationPlatforms) = preSolution
		Debug|Any CPU = Debug|Any CPU
		Release|Any CPU = Release|Any CPU
	EndGlobalSection
	GlobalSection(ProjectConfigurationPlatforms) = postSolution
		{5397FFCC-68F5-4926-A044-D013CEBC42CC}.Debug|Any CPU.ActiveCfg = Debug|Any CPU
		{5397FFCC-68F5-4926-A044-D013CEBC42CC}.Debug|Any CPU.Build.0 = Debug|Any CPU
		{5397FFCC-68F5-4926-A044-D013CEBC42CC}.Release|Any CPU.ActiveCfg = Release|Any CPU
		{5397FFCC-68F5-4926-A044-D013CEBC42CC}.Release|Any CPU.Build.0 = Release|Any CPU
	EndGlobalSection
	GlobalSection(SolutionProperties) = preSolution
		HideSolutionNode = FALSE
	EndGlobalSection
	GlobalSection(ExtensibilityGlobals) = postSolution
		SolutionGuid = {400B38A0-6CFA-4065-A37B-48C72B4D2D9B}
	EndGlobalSection
EndGlobal
