
Microsoft Visual Studio Solution File, Format Version 12.00
# Visual Studio Version 17
VisualStudioVersion = 17.4.33110.190
MinimumVisualStudioVersion = 10.0.40219.1
Project("{F2A71F9B-5D33-465A-A702-920D77279786}") = "Project", "Project.fsproj", "{7E403CE0-70D7-4298-B469-2FB529713F74}"
EndProject
Global
	GlobalSection(SolutionConfigurationPlatforms) = preSolution
		Debug|Any CPU = Debug|Any CPU
		Release|Any CPU = Release|Any CPU
	EndGlobalSection
	GlobalSection(ProjectConfigurationPlatforms) = postSolution
		{7E403CE0-70D7-4298-B469-2FB529713F74}.Debug|Any CPU.ActiveCfg = Debug|Any CPU
		{7E403CE0-70D7-4298-B469-2FB529713F74}.Debug|Any CPU.Build.0 = Debug|Any CPU
		{7E403CE0-70D7-4298-B469-2FB529713F74}.Release|Any CPU.ActiveCfg = Release|Any CPU
		{7E403CE0-70D7-4298-B469-2FB529713F74}.Release|Any CPU.Build.0 = Release|Any CPU
	EndGlobalSection
	GlobalSection(SolutionProperties) = preSolution
		HideSolutionNode = FALSE
	EndGlobalSection
	GlobalSection(ExtensibilityGlobals) = postSolution
		SolutionGuid = {5024D800-2D09-4BBC-807F-8296D1C0395F}
	EndGlobalSection
EndGlobal
